{
    "_readme": [
        "This file locks the dependencies of your project to a known state",
        "Read more about it at https://getcomposer.org/doc/01-basic-usage.md#installing-dependencies",
        "This file is @generated automatically"
    ],
    "content-hash": "f450101b6bccb19efb8d398d342c38d2",
    "packages": [
        {
            "name": "bcosca/fatfree",
            "version": "3.7.1",
            "source": {
                "type": "git",
                "url": "https://github.com/bcosca/fatfree.git",
                "reference": "495a97c9957a9edfbaea362927be6f3faa96fc52"
            },
            "dist": {
                "type": "zip",
                "url": "https://api.github.com/repos/bcosca/fatfree/zipball/495a97c9957a9edfbaea362927be6f3faa96fc52",
                "reference": "495a97c9957a9edfbaea362927be6f3faa96fc52",
                "shasum": ""
            },
            "require": {
                "php": ">=5.4"
            },
            "type": "library",
            "autoload": {
                "files": [
                    "lib/base.php"
                ]
            },
            "notification-url": "https://packagist.org/downloads/",
            "license": [
                "GPL-3.0"
            ],
            "description": "A powerful yet easy-to-use PHP micro-framework designed to help you build dynamic and robust Web applications - fast!",
            "homepage": "http://fatfreeframework.com/",
            "time": "2019-12-30T20:54:35+00:00"
        },
        {
            "name": "bcosca/fatfree-core",
            "version": "3.7.1",
            "source": {
                "type": "git",
                "url": "https://github.com/bcosca/fatfree-core.git",
                "reference": "64318caa00de4da0f558d2334dc70538bdbcd1ad"
            },
            "dist": {
                "type": "zip",
                "url": "https://api.github.com/repos/bcosca/fatfree-core/zipball/64318caa00de4da0f558d2334dc70538bdbcd1ad",
                "reference": "64318caa00de4da0f558d2334dc70538bdbcd1ad",
                "shasum": ""
            },
            "require": {
                "php": ">=5.4"
            },
            "type": "library",
            "autoload": {
                "classmap": [
                    "."
                ]
            },
            "notification-url": "https://packagist.org/downloads/",
            "license": [
                "GPL-3.0"
            ],
            "description": "A powerful yet easy-to-use PHP micro-framework designed to help you build dynamic and robust Web applications - fast!",
            "homepage": "http://fatfreeframework.com/",
            "time": "2019-12-30T20:49:06+00:00"
        },
        {
            "name": "hybridauth/hybridauth",
            "version": "3.2.0",
            "source": {
                "type": "git",
                "url": "https://github.com/hybridauth/hybridauth.git",
                "reference": "2edf92f07b94fcc9e17ea14e2a1644b83981af7d"
            },
            "dist": {
                "type": "zip",
                "url": "https://api.github.com/repos/hybridauth/hybridauth/zipball/2edf92f07b94fcc9e17ea14e2a1644b83981af7d",
                "reference": "2edf92f07b94fcc9e17ea14e2a1644b83981af7d",
                "shasum": ""
            },
            "require": {
                "php": ">=5.4.0"
            },
            "require-dev": {
                "ext-curl": "*",
                "phpunit/phpunit": "^4.8.35 || ^6.5 || ^8"
            },
            "type": "library",
            "autoload": {
                "psr-4": {
                    "Hybridauth\\": "src/"
                }
            },
            "notification-url": "https://packagist.org/downloads/",
            "license": [
                "MIT"
            ],
            "authors": [
                {
                    "name": "Miled",
                    "email": "hybridauth@gmail.com"
                }
            ],
            "description": "PHP Social Authentication Library",
            "homepage": "https://hybridauth.github.io",
            "keywords": [
                "Authentication",
                "OpenId",
                "api",
                "authorization",
                "facebook",
                "google",
                "oauth",
                "social",
                "twitter"
            ],
            "time": "2020-03-04T14:32:04+00:00"
        },
        {
            "name": "verot/class.upload.php",
            "version": "2.0.9",
            "source": {
                "type": "git",
                "url": "https://github.com/verot/class.upload.php.git",
                "reference": "bec90d3c3a1e60f9bf066c0595c90a3dc9c143e0"
            },
            "dist": {
                "type": "zip",
                "url": "https://api.github.com/repos/verot/class.upload.php/zipball/bec90d3c3a1e60f9bf066c0595c90a3dc9c143e0",
                "reference": "bec90d3c3a1e60f9bf066c0595c90a3dc9c143e0",
                "shasum": ""
            },
            "require": {
                "php": ">=5.3"
            },
            "type": "library",
            "autoload": {
                "classmap": [
                    "src/class.upload.php"
                ]
            },
            "notification-url": "https://packagist.org/downloads/",
            "license": [
                "GPL-2.0-only"
            ],
            "authors": [
                {
                    "name": "Colin Verot",
                    "email": "colin@verot.net"
                }
            ],
            "description": "This PHP class uploads files and manipulates images very easily.",
            "homepage": "http://www.verot.net/php_class_upload.htm",
            "keywords": [
                "gd",
                "upload"
            ],
            "time": "2020-01-12T21:16:22+00:00"
        },
        {
            "name": "xfra35/f3-cron",
            "version": "v1.2.1",
            "source": {
                "type": "git",
                "url": "https://github.com/xfra35/f3-cron.git",
                "reference": "eba0a5574a8c35623307dd27135a67d76e4da12e"
            },
            "dist": {
                "type": "zip",
                "url": "https://api.github.com/repos/xfra35/f3-cron/zipball/eba0a5574a8c35623307dd27135a67d76e4da12e",
                "reference": "eba0a5574a8c35623307dd27135a67d76e4da12e",
                "shasum": ""
            },
            "require": {
                "bcosca/fatfree-core": "~3.5"
            },
            "type": "library",
            "autoload": {
                "classmap": [
                    "lib/"
                ]
            },
            "notification-url": "https://packagist.org/downloads/",
            "license": [
                "GPL-3.0-only"
            ],
            "description": "Job scheduling for the PHP Fat-Free Framework",
            "homepage": "https://github.com/xfra35/f3-cron",
            "keywords": [
                "F3",
                "cron",
                "fatfree",
                "scheduling"
            ],
            "time": "2018-06-19T08:29:49+00:00"
        }
    ],
    "packages-dev": [],
    "aliases": [],
    "minimum-stability": "stable",
    "stability-flags": [],
    "prefer-stable": false,
    "prefer-lowest": false,
    "platform": {
        "php": "^7.0"
    },
    "platform-dev": [],
    "plugin-api-version": "1.1.0"
}
